{
  "name": "passport-pr0gramm",
  "version": "0.4.3",
  "lockfileVersion": 3,
  "requires": true,
  "packages": {
    "": {
      "name": "passport-pr0gramm",
      "version": "0.4.3",
      "license": "ISC",
      "dependencies": {
        "passport-oauth2": "^1.8.0"
      },
      "devDependencies": {
        "@biomejs/biome": "^1.9.0"
      },
      "engines": {
        "node": ">=20"
      }
    },
    "node_modules/@biomejs/biome": {
      "version": "1.9.0",
      "resolved": "https://registry.npmjs.org/@biomejs/biome/-/biome-1.9.0.tgz",
      "integrity": "sha512-NlWh2F1wbxB3O/wE+aohGL0BziTS6e+6+dyFvpdeqLsbQZY7EsiklFb9W5Xs41U4vEmY7ANgdNp+oVDij6sQdA==",
      "dev": true,
      "hasInstallScript": true,
      "license": "MIT OR Apache-2.0",
      "bin": {
        "biome": "bin/biome"
      },
      "engines": {
        "node": ">=14.21.3"
      },
      "funding": {
        "type": "opencollective",
        "url": "https://opencollective.com/biome"
      },
      "optionalDependencies": {
        "@biomejs/cli-darwin-arm64": "1.9.0",
        "@biomejs/cli-darwin-x64": "1.9.0",
        "@biomejs/cli-linux-arm64": "1.9.0",
        "@biomejs/cli-linux-arm64-musl": "1.9.0",
        "@biomejs/cli-linux-x64": "1.9.0",
        "@biomejs/cli-linux-x64-musl": "1.9.0",
        "@biomejs/cli-win32-arm64": "1.9.0",
        "@biomejs/cli-win32-x64": "1.9.0"
      }
    },
    "node_modules/@biomejs/cli-darwin-arm64": {
      "version": "1.9.0",
      "resolved": "https://registry.npmjs.org/@biomejs/cli-darwin-arm64/-/cli-darwin-arm64-1.9.0.tgz",
      "integrity": "sha512-2w9v/NRtYSmodx5QWQ49OGcyGKSECdWKbzc7n532Iq5sBhkKk996fd19icT6BuL54f01KFKRCRibAW+A2rg1Kw==",
      "cpu": [
        "arm64"
      ],
      "dev": true,
      "license": "MIT OR Apache-2.0",
      "optional": true,
      "os": [
        "darwin"
      ],
      "engines": {
        "node": ">=14.21.3"
      }
    },
    "node_modules/@biomejs/cli-darwin-x64": {
      "version": "1.9.0",
      "resolved": "https://registry.npmjs.org/@biomejs/cli-darwin-x64/-/cli-darwin-x64-1.9.0.tgz",
      "integrity": "sha512-fBVt8jJQi0zX0SJ1C+tdzUbRpuX/07sgtBXEhunWRkPjdi6W/2S1sYHQ1wKn4OKiRAKfHM2Cf2FNO7hQvY61dA==",
      "cpu": [
        "x64"
      ],
      "dev": true,
      "license": "MIT OR Apache-2.0",
      "optional": true,
      "os": [
        "darwin"
      ],
      "engines": {
        "node": ">=14.21.3"
      }
    },
    "node_modules/@biomejs/cli-linux-arm64": {
      "version": "1.9.0",
      "resolved": "https://registry.npmjs.org/@biomejs/cli-linux-arm64/-/cli-linux-arm64-1.9.0.tgz",
      "integrity": "sha512-l8U2lcqsl9yKPP5WUdIrKH//C1pWyM2cSUfcTBn6GSvXmsSjBNEdGSdM4Wfne777Oe/9ONaD1Ga53U2HksHHLw==",
      "cpu": [
        "arm64"
      ],
      "dev": true,
      "license": "MIT OR Apache-2.0",
      "optional": true,
      "os": [
        "linux"
      ],
      "engines": {
        "node": ">=14.21.3"
      }
    },
    "node_modules/@biomejs/cli-linux-arm64-musl": {
      "version": "1.9.0",
      "resolved": "https://registry.npmjs.org/@biomejs/cli-linux-arm64-musl/-/cli-linux-arm64-musl-1.9.0.tgz",
      "integrity": "sha512-Jy84mZ4vcppdmWMgQWOCfd8qIVC/vHmlaS5gy7GXkdWlBKSQ56YxEXTU58MHTbZ16LwJQpK2IulqRCC/rqWLBA==",
      "cpu": [
        "arm64"
      ],
      "dev": true,
      "license": "MIT OR Apache-2.0",
      "optional": true,
      "os": [
        "linux"
      ],
      "engines": {
        "node": ">=14.21.3"
      }
    },
    "node_modules/@biomejs/cli-linux-x64": {
      "version": "1.9.0",
      "resolved": "https://registry.npmjs.org/@biomejs/cli-linux-x64/-/cli-linux-x64-1.9.0.tgz",
      "integrity": "sha512-8jAzjrrJTj510pwq4aVs7ZKkOvEy1D+nzl9DKvrPh4TOyUw5Ie+0EDwXGE2RAkCKHkGNOQBZ78WtIdsATgz5sA==",
      "cpu": [
        "x64"
      ],
      "dev": true,
      "license": "MIT OR Apache-2.0",
      "optional": true,
      "os": [
        "linux"
      ],
      "engines": {
        "node": ">=14.21.3"
      }
    },
    "node_modules/@biomejs/cli-linux-x64-musl": {
      "version": "1.9.0",
      "resolved": "https://registry.npmjs.org/@biomejs/cli-linux-x64-musl/-/cli-linux-x64-musl-1.9.0.tgz",
      "integrity": "sha512-N3enoFoIrkB6qJWyYfTiYmFdB1R/Mrij1dd1xBHqxxCKZY9GRkEswRX3F1Uqzo5T+9Iu8nAQobDqI/ygicYy/Q==",
      "cpu": [
        "x64"
      ],
      "dev": true,
      "license": "MIT OR Apache-2.0",
      "optional": true,
      "os": [
        "linux"
      ],
      "engines": {
        "node": ">=14.21.3"
      }
    },
    "node_modules/@biomejs/cli-win32-arm64": {
      "version": "1.9.0",
      "resolved": "https://registry.npmjs.org/@biomejs/cli-win32-arm64/-/cli-win32-arm64-1.9.0.tgz",
      "integrity": "sha512-AIjwJTGfdWGMRluSQ9pDB29nzce077dfHh0/HMqzztKzgD3spyuo2R9VoaFpbR0hLHPWEH6g6OxxDO7hfkXNkQ==",
      "cpu": [
        "arm64"
      ],
      "dev": true,
      "license": "MIT OR Apache-2.0",
      "optional": true,
      "os": [
        "win32"
      ],
      "engines": {
        "node": ">=14.21.3"
      }
    },
    "node_modules/@biomejs/cli-win32-x64": {
      "version": "1.9.0",
      "resolved": "https://registry.npmjs.org/@biomejs/cli-win32-x64/-/cli-win32-x64-1.9.0.tgz",
      "integrity": "sha512-4/4wTjNSoyNkm1SzcUaStDx46baX1VJRXtUoeEHjX9LfedR5N3qwZz5KfrRUnCd2fl5bmXK1CwMqKBkoF6zEiA==",
      "cpu": [
        "x64"
      ],
      "dev": true,
      "license": "MIT OR Apache-2.0",
      "optional": true,
      "os": [
        "win32"
      ],
      "engines": {
        "node": ">=14.21.3"
      }
    },
    "node_modules/base64url": {
      "version": "3.0.1",
      "resolved": "https://registry.npmjs.org/base64url/-/base64url-3.0.1.tgz",
      "integrity": "sha512-ir1UPr3dkwexU7FdV8qBBbNDRUhMmIekYMFZfi+C/sLNnRESKPl23nB9b2pltqfOQNnGzsDdId90AEtG5tCx4A==",
      "license": "MIT",
      "engines": {
        "node": ">=6.0.0"
      }
    },
    "node_modules/oauth": {
      "version": "0.10.0",
      "resolved": "https://registry.npmjs.org/oauth/-/oauth-0.10.0.tgz",
      "integrity": "sha512-1orQ9MT1vHFGQxhuy7E/0gECD3fd2fCC+PIX+/jgmU/gI3EpRocXtmtvxCO5x3WZ443FLTLFWNDjl5MPJf9u+Q==",
      "license": "MIT"
    },
    "node_modules/passport-oauth2": {
      "version": "1.8.0",
      "resolved": "https://registry.npmjs.org/passport-oauth2/-/passport-oauth2-1.8.0.tgz",
      "integrity": "sha512-cjsQbOrXIDE4P8nNb3FQRCCmJJ/utnFKEz2NX209f7KOHPoX18gF7gBzBbLLsj2/je4KrgiwLLGjf0lm9rtTBA==",
      "license": "MIT",
      "dependencies": {
        "base64url": "3.x.x",
        "oauth": "0.10.x",
        "passport-strategy": "1.x.x",
        "uid2": "0.0.x",
        "utils-merge": "1.x.x"
      },
      "engines": {
        "node": ">= 0.4.0"
      },
      "funding": {
        "type": "github",
        "url": "https://github.com/sponsors/jaredhanson"
      }
    },
    "node_modules/passport-strategy": {
      "version": "1.0.0",
      "resolved": "https://registry.npmjs.org/passport-strategy/-/passport-strategy-1.0.0.tgz",
      "integrity": "sha512-CB97UUvDKJde2V0KDWWB3lyf6PC3FaZP7YxZ2G8OAtn9p4HI9j9JLP9qjOGZFvyl8uwNT8qM+hGnz/n16NI7oA==",
      "engines": {
        "node": ">= 0.4.0"
      }
    },
    "node_modules/uid2": {
      "version": "0.0.4",
      "resolved": "https://registry.npmjs.org/uid2/-/uid2-0.0.4.tgz",
      "integrity": "sha512-IevTus0SbGwQzYh3+fRsAMTVVPOoIVufzacXcHPmdlle1jUpq7BRL+mw3dgeLanvGZdwwbWhRV6XrcFNdBmjWA==",
      "license": "MIT"
    },
    "node_modules/utils-merge": {
      "version": "1.0.1",
      "resolved": "https://registry.npmjs.org/utils-merge/-/utils-merge-1.0.1.tgz",
      "integrity": "sha512-pMZTvIkT1d+TFGvDOqodOclx0QWkkgi6Tdoa8gC8ffGAAqz9pzPTZWAybbsHHoED/ztMtkv/VoYTYyShUn81hA==",
      "license": "MIT",
      "engines": {
        "node": ">= 0.4.0"
      }
    }
  }
}
